# THIS IS AN AUTOGENERATED FILE. DO NOT EDIT THIS FILE DIRECTLY.
# yarn lockfile v1


"@types/express-serve-static-core@^4.17.13":
  version "4.17.13"
  resolved "https://registry.yarnpkg.com/@types/express-serve-static-core/-/express-serve-static-core-4.17.13.tgz#d9af025e925fc8b089be37423b8d1eac781be084"
  integrity sha512-RgDi5a4nuzam073lRGKTUIaL3eF2+H7LJvJ8eUnCI0wA6SNjXc44DCmWNiTLs/AZ7QlsFWZiw/gTG3nSQGL0fA==
  dependencies:
    "@types/node" "*"
    "@types/qs" "*"
    "@types/range-parser" "*"

"@types/node@*":
  version "14.11.2"
  resolved "https://registry.yarnpkg.com/@types/node/-/node-14.11.2.tgz#2de1ed6670439387da1c9f549a2ade2b0a799256"
  integrity sha512-jiE3QIxJ8JLNcb1Ps6rDbysDhN4xa8DJJvuC9prr6w+1tIh+QAbYyNF3tyiZNLDBIuBCf4KEcV2UvQm/V60xfA==

"@types/qs@*":
  version "6.9.5"
  resolved "https://registry.yarnpkg.com/@types/qs/-/qs-6.9.5.tgz#434711bdd49eb5ee69d90c1d67c354a9a8ecb18b"
  integrity sha512-/JHkVHtx/REVG0VVToGRGH2+23hsYLHdyG+GrvoUGlGAd0ErauXDyvHtRI/7H7mzLm+tBCKA7pfcpkQ1lf58iQ==

"@types/range-parser@*":
  version "1.2.3"
  resolved "https://registry.yarnpkg.com/@types/range-parser/-/range-parser-1.2.3.tgz#7ee330ba7caafb98090bece86a5ee44115904c2c"
  integrity sha512-ewFXqrQHlFsgc09MK5jP5iR7vumV/BYayNC6PgJO2LPe8vrnNFyjQjSppfEngITi0qvfKtzFvgKymGheFM9UOA==
